// !$*UTF8*$!
{
	archiveVersion = 1;
	classes = {
	};
	objectVersion = 51;
	objects = {

/* Begin PBXBuildFile section */
		36126F02261DCD38002535C6 /* AccountCorrectViewController.swift in Sources */ = {isa = PBXBuildFile; fileRef = 36126F01261DCD38002535C6 /* AccountCorrectViewController.swift */; };
		36126F0A261DCD42002535C6 /* AcoountViewController.swift in Sources */ = {isa = PBXBuildFile; fileRef = 36126F09261DCD42002535C6 /* AcoountViewController.swift */; };
		36126F0F261DCD4B002535C6 /* MainViewController.swift in Sources */ = {isa = PBXBuildFile; fileRef = 36126F0E261DCD4B002535C6 /* MainViewController.swift */; };
		36126F17261DCDD6002535C6 /* Main.storyboard in Resources */ = {isa = PBXBuildFile; fileRef = 36126F16261DCDD6002535C6 /* Main.storyboard */; };
		3628331B262801B600586852 /* Freinds.storyboard in Resources */ = {isa = PBXBuildFile; fileRef = 3628331A262801B600586852 /* Freinds.storyboard */; };
		362833202628021300586852 /* Chat.storyboard in Resources */ = {isa = PBXBuildFile; fileRef = 3628331F2628021300586852 /* Chat.storyboard */; };
		366FBC9E261A1D9800D648C9 /* AppDelegate.swift in Sources */ = {isa = PBXBuildFile; fileRef = 366FBC9D261A1D9800D648C9 /* AppDelegate.swift */; };
		366FBCA0261A1D9800D648C9 /* SceneDelegate.swift in Sources */ = {isa = PBXBuildFile; fileRef = 366FBC9F261A1D9800D648C9 /* SceneDelegate.swift */; };
		366FBCA2261A1D9800D648C9 /* ViewController.swift in Sources */ = {isa = PBXBuildFile; fileRef = 366FBCA1261A1D9800D648C9 /* ViewController.swift */; };
		366FBCA7261A1D9800D648C9 /* Assets.xcassets in Resources */ = {isa = PBXBuildFile; fileRef = 366FBCA6261A1D9800D648C9 /* Assets.xcassets */; };
		366FBCAA261A1D9800D648C9 /* LaunchScreen.storyboard in Resources */ = {isa = PBXBuildFile; fileRef = 366FBCA8261A1D9800D648C9 /* LaunchScreen.storyboard */; };
		366FBCB5261A1D9800D648C9 /* Kakaotalk_CloneTests.swift in Sources */ = {isa = PBXBuildFile; fileRef = 366FBCB4261A1D9800D648C9 /* Kakaotalk_CloneTests.swift */; };
		366FBCC0261A1D9800D648C9 /* Kakaotalk_CloneUITests.swift in Sources */ = {isa = PBXBuildFile; fileRef = 366FBCBF261A1D9800D648C9 /* Kakaotalk_CloneUITests.swift */; };
		36910BAD264920AB00986E34 /* NetworkResult.swift in Sources */ = {isa = PBXBuildFile; fileRef = 36910BAC264920AB00986E34 /* NetworkResult.swift */; };
		36910BB2264920FC00986E34 /* LoginDataModel.swift in Sources */ = {isa = PBXBuildFile; fileRef = 36910BB1264920FC00986E34 /* LoginDataModel.swift */; };
		36910BB7264924E600986E34 /* LoginService.swift in Sources */ = {isa = PBXBuildFile; fileRef = 36910BB6264924E600986E34 /* LoginService.swift */; };
		36910BBC2649254D00986E34 /* APIConstants.swift in Sources */ = {isa = PBXBuildFile; fileRef = 36910BBB2649254D00986E34 /* APIConstants.swift */; };
		36E106E2263BC4BE006CEFCA /* FriendsTableViewCell.swift in Sources */ = {isa = PBXBuildFile; fileRef = 36E106E1263BC4BE006CEFCA /* FriendsTableViewCell.swift */; };
		36E106EA263BC77D006CEFCA /* freindsDummy.swift in Sources */ = {isa = PBXBuildFile; fileRef = 36E106E9263BC77D006CEFCA /* freindsDummy.swift */; };
		36E106F2263BD83A006CEFCA /* FreindsProfileViewController.swift in Sources */ = {isa = PBXBuildFile; fileRef = 36E106F1263BD83A006CEFCA /* FreindsProfileViewController.swift */; };
		36E5B41D26445BE10079170F /* SettingViewController.swift in Sources */ = {isa = PBXBuildFile; fileRef = 36E5B41C26445BE10079170F /* SettingViewController.swift */; };
		36E5B42226445C230079170F /* SettingCollectionViewCell.swift in Sources */ = {isa = PBXBuildFile; fileRef = 36E5B42126445C230079170F /* SettingCollectionViewCell.swift */; };
		36E610862628092A00A934FB /* FreindsMain.storyboard in Resources */ = {isa = PBXBuildFile; fileRef = 36E610852628092A00A934FB /* FreindsMain.storyboard */; };
		36E6108E26280C5300A934FB /* FreindsMainViewController.swift in Sources */ = {isa = PBXBuildFile; fileRef = 36E6108D26280C5300A934FB /* FreindsMainViewController.swift */; };
		36E72AC4262819F1007FD2FA /* MainTabBarController.swift in Sources */ = {isa = PBXBuildFile; fileRef = 36E72AC3262819F1007FD2FA /* MainTabBarController.swift */; };
		36E72AD826281E7C007FD2FA /* HashTag.storyboard in Resources */ = {isa = PBXBuildFile; fileRef = 36E72AD726281E7C007FD2FA /* HashTag.storyboard */; };
		36E72ADD26281E84007FD2FA /* Store.storyboard in Resources */ = {isa = PBXBuildFile; fileRef = 36E72ADC26281E84007FD2FA /* Store.storyboard */; };
		36E72AE226281E90007FD2FA /* Setting.storyboard in Resources */ = {isa = PBXBuildFile; fileRef = 36E72AE126281E90007FD2FA /* Setting.storyboard */; };
		36E72AEA2628289C007FD2FA /* FreindsViewController.swift in Sources */ = {isa = PBXBuildFile; fileRef = 36E72AE92628289C007FD2FA /* FreindsViewController.swift */; };
		36E72AF22628297F007FD2FA /* FreindsMyProfileViewController.swift in Sources */ = {isa = PBXBuildFile; fileRef = 36E72AF12628297F007FD2FA /* FreindsMyProfileViewController.swift */; };
		B5B595660D2E8359A5FF2ECA /* Pods_Kakaotalk_CloneTests.framework in Frameworks */ = {isa = PBXBuildFile; fileRef = 85168971ABCED3FDDBB85921 /* Pods_Kakaotalk_CloneTests.framework */; };
		DAF9A9C06B8112C7C17909D9 /* Pods_Kakaotalk_Clone_Kakaotalk_CloneUITests.framework in Frameworks */ = {isa = PBXBuildFile; fileRef = AEDF07A7FF965FD387ECA3D5 /* Pods_Kakaotalk_Clone_Kakaotalk_CloneUITests.framework */; };
		F1F6B6CF9F67BF361A529905 /* Pods_Kakaotalk_Clone.framework in Frameworks */ = {isa = PBXBuildFile; fileRef = 358189E438F6C082246239CD /* Pods_Kakaotalk_Clone.framework */; };
/* End PBXBuildFile section */

/* Begin PBXContainerItemProxy section */
		366FBCB1261A1D9800D648C9 /* PBXContainerItemProxy */ = {
			isa = PBXContainerItemProxy;
			containerPortal = 366FBC92261A1D9800D648C9 /* Project object */;
			proxyType = 1;
			remoteGlobalIDString = 366FBC99261A1D9800D648C9;
			remoteInfo = Kakaotalk_Clone;
		};
		366FBCBC261A1D9800D648C9 /* PBXContainerItemProxy */ = {
			isa = PBXContainerItemProxy;
			containerPortal = 366FBC92261A1D9800D648C9 /* Project object */;
			proxyType = 1;
			remoteGlobalIDString = 366FBC99261A1D9800D648C9;
			remoteInfo = Kakaotalk_Clone;
		};
/* End PBXContainerItemProxy section */

/* Begin PBXFileReference section */
		358189E438F6C082246239CD /* Pods_Kakaotalk_Clone.framework */ = {isa = PBXFileReference; explicitFileType = wrapper.framework; includeInIndex = 0; path = Pods_Kakaotalk_Clone.framework; sourceTree = BUILT_PRODUCTS_DIR; };
		36126F01261DCD38002535C6 /* AccountCorrectViewController.swift */ = {isa = PBXFileReference; fileEncoding = 4; lastKnownFileType = sourcecode.swift; path = AccountCorrectViewController.swift; sourceTree = "<group>"; };
		36126F09261DCD42002535C6 /* AcoountViewController.swift */ = {isa = PBXFileReference; fileEncoding = 4; lastKnownFileType = sourcecode.swift; path = AcoountViewController.swift; sourceTree = "<group>"; };
		36126F0E261DCD4B002535C6 /* MainViewController.swift */ = {isa = PBXFileReference; fileEncoding = 4; lastKnownFileType = sourcecode.swift; path = MainViewController.swift; sourceTree = "<group>"; };
		36126F16261DCDD6002535C6 /* Main.storyboard */ = {isa = PBXFileReference; fileEncoding = 4; lastKnownFileType = file.storyboard; path = Main.storyboard; sourceTree = "<group>"; };
		3628331A262801B600586852 /* Freinds.storyboard */ = {isa = PBXFileReference; lastKnownFileType = file.storyboard; path = Freinds.storyboard; sourceTree = "<group>"; };
		3628331F2628021300586852 /* Chat.storyboard */ = {isa = PBXFileReference; lastKnownFileType = file.storyboard; path = Chat.storyboard; sourceTree = "<group>"; };
		366FBC9A261A1D9800D648C9 /* Kakaotalk_Clone.app */ = {isa = PBXFileReference; explicitFileType = wrapper.application; includeInIndex = 0; path = Kakaotalk_Clone.app; sourceTree = BUILT_PRODUCTS_DIR; };
		366FBC9D261A1D9800D648C9 /* AppDelegate.swift */ = {isa = PBXFileReference; lastKnownFileType = sourcecode.swift; path = AppDelegate.swift; sourceTree = "<group>"; };
		366FBC9F261A1D9800D648C9 /* SceneDelegate.swift */ = {isa = PBXFileReference; lastKnownFileType = sourcecode.swift; path = SceneDelegate.swift; sourceTree = "<group>"; };
		366FBCA1261A1D9800D648C9 /* ViewController.swift */ = {isa = PBXFileReference; lastKnownFileType = sourcecode.swift; path = ViewController.swift; sourceTree = "<group>"; };
		366FBCA6261A1D9800D648C9 /* Assets.xcassets */ = {isa = PBXFileReference; lastKnownFileType = folder.assetcatalog; path = Assets.xcassets; sourceTree = "<group>"; };
		366FBCA9261A1D9800D648C9 /* Base */ = {isa = PBXFileReference; lastKnownFileType = file.storyboard; name = Base; path = Base.lproj/LaunchScreen.storyboard; sourceTree = "<group>"; };
		366FBCAB261A1D9800D648C9 /* Info.plist */ = {isa = PBXFileReference; lastKnownFileType = text.plist.xml; path = Info.plist; sourceTree = "<group>"; };
		366FBCB0261A1D9800D648C9 /* Kakaotalk_CloneTests.xctest */ = {isa = PBXFileReference; explicitFileType = wrapper.cfbundle; includeInIndex = 0; path = Kakaotalk_CloneTests.xctest; sourceTree = BUILT_PRODUCTS_DIR; };
		366FBCB4261A1D9800D648C9 /* Kakaotalk_CloneTests.swift */ = {isa = PBXFileReference; lastKnownFileType = sourcecode.swift; path = Kakaotalk_CloneTests.swift; sourceTree = "<group>"; };
		366FBCB6261A1D9800D648C9 /* Info.plist */ = {isa = PBXFileReference; lastKnownFileType = text.plist.xml; path = Info.plist; sourceTree = "<group>"; };
		366FBCBB261A1D9800D648C9 /* Kakaotalk_CloneUITests.xctest */ = {isa = PBXFileReference; explicitFileType = wrapper.cfbundle; includeInIndex = 0; path = Kakaotalk_CloneUITests.xctest; sourceTree = BUILT_PRODUCTS_DIR; };
		366FBCBF261A1D9800D648C9 /* Kakaotalk_CloneUITests.swift */ = {isa = PBXFileReference; lastKnownFileType = sourcecode.swift; path = Kakaotalk_CloneUITests.swift; sourceTree = "<group>"; };
		366FBCC1261A1D9800D648C9 /* Info.plist */ = {isa = PBXFileReference; lastKnownFileType = text.plist.xml; path = Info.plist; sourceTree = "<group>"; };
		36910BAC264920AB00986E34 /* NetworkResult.swift */ = {isa = PBXFileReference; lastKnownFileType = sourcecode.swift; path = NetworkResult.swift; sourceTree = "<group>"; };
		36910BB1264920FC00986E34 /* LoginDataModel.swift */ = {isa = PBXFileReference; lastKnownFileType = sourcecode.swift; path = LoginDataModel.swift; sourceTree = "<group>"; };
		36910BB6264924E600986E34 /* LoginService.swift */ = {isa = PBXFileReference; lastKnownFileType = sourcecode.swift; path = LoginService.swift; sourceTree = "<group>"; };
		36910BBB2649254D00986E34 /* APIConstants.swift */ = {isa = PBXFileReference; lastKnownFileType = sourcecode.swift; path = APIConstants.swift; sourceTree = "<group>"; };
		36E106E1263BC4BE006CEFCA /* FriendsTableViewCell.swift */ = {isa = PBXFileReference; lastKnownFileType = sourcecode.swift; path = FriendsTableViewCell.swift; sourceTree = "<group>"; };
		36E106E9263BC77D006CEFCA /* freindsDummy.swift */ = {isa = PBXFileReference; lastKnownFileType = sourcecode.swift; path = freindsDummy.swift; sourceTree = "<group>"; };
		36E106F1263BD83A006CEFCA /* FreindsProfileViewController.swift */ = {isa = PBXFileReference; lastKnownFileType = sourcecode.swift; path = FreindsProfileViewController.swift; sourceTree = "<group>"; };
		36E5B41C26445BE10079170F /* SettingViewController.swift */ = {isa = PBXFileReference; lastKnownFileType = sourcecode.swift; path = SettingViewController.swift; sourceTree = "<group>"; };
		36E5B42126445C230079170F /* SettingCollectionViewCell.swift */ = {isa = PBXFileReference; lastKnownFileType = sourcecode.swift; path = SettingCollectionViewCell.swift; sourceTree = "<group>"; };
		36E610852628092A00A934FB /* FreindsMain.storyboard */ = {isa = PBXFileReference; lastKnownFileType = file.storyboard; path = FreindsMain.storyboard; sourceTree = "<group>"; };
		36E6108D26280C5300A934FB /* FreindsMainViewController.swift */ = {isa = PBXFileReference; lastKnownFileType = sourcecode.swift; path = FreindsMainViewController.swift; sourceTree = "<group>"; };
		36E72AC3262819F1007FD2FA /* MainTabBarController.swift */ = {isa = PBXFileReference; lastKnownFileType = sourcecode.swift; path = MainTabBarController.swift; sourceTree = "<group>"; };
		36E72AD726281E7C007FD2FA /* HashTag.storyboard */ = {isa = PBXFileReference; lastKnownFileType = file.storyboard; path = HashTag.storyboard; sourceTree = "<group>"; };
		36E72ADC26281E84007FD2FA /* Store.storyboard */ = {isa = PBXFileReference; lastKnownFileType = file.storyboard; path = Store.storyboard; sourceTree = "<group>"; };
		36E72AE126281E90007FD2FA /* Setting.storyboard */ = {isa = PBXFileReference; lastKnownFileType = file.storyboard; path = Setting.storyboard; sourceTree = "<group>"; };
		36E72AE92628289C007FD2FA /* FreindsViewController.swift */ = {isa = PBXFileReference; lastKnownFileType = sourcecode.swift; path = FreindsViewController.swift; sourceTree = "<group>"; };
		36E72AF12628297F007FD2FA /* FreindsMyProfileViewController.swift */ = {isa = PBXFileReference; lastKnownFileType = sourcecode.swift; path = FreindsMyProfileViewController.swift; sourceTree = "<group>"; };
		4876CE815065813966134060 /* Pods-Kakaotalk_Clone-Kakaotalk_CloneUITests.debug.xcconfig */ = {isa = PBXFileReference; includeInIndex = 1; lastKnownFileType = text.xcconfig; name = "Pods-Kakaotalk_Clone-Kakaotalk_CloneUITests.debug.xcconfig"; path = "Target Support Files/Pods-Kakaotalk_Clone-Kakaotalk_CloneUITests/Pods-Kakaotalk_Clone-Kakaotalk_CloneUITests.debug.xcconfig"; sourceTree = "<group>"; };
		5BB0C5A4B3499657FB1F9668 /* Pods-Kakaotalk_CloneTests.debug.xcconfig */ = {isa = PBXFileReference; includeInIndex = 1; lastKnownFileType = text.xcconfig; name = "Pods-Kakaotalk_CloneTests.debug.xcconfig"; path = "Target Support Files/Pods-Kakaotalk_CloneTests/Pods-Kakaotalk_CloneTests.debug.xcconfig"; sourceTree = "<group>"; };
		85168971ABCED3FDDBB85921 /* Pods_Kakaotalk_CloneTests.framework */ = {isa = PBXFileReference; explicitFileType = wrapper.framework; includeInIndex = 0; path = Pods_Kakaotalk_CloneTests.framework; sourceTree = BUILT_PRODUCTS_DIR; };
		98AB0052A4DC15D118EA717D /* Pods-Kakaotalk_Clone-Kakaotalk_CloneUITests.release.xcconfig */ = {isa = PBXFileReference; includeInIndex = 1; lastKnownFileType = text.xcconfig; name = "Pods-Kakaotalk_Clone-Kakaotalk_CloneUITests.release.xcconfig"; path = "Target Support Files/Pods-Kakaotalk_Clone-Kakaotalk_CloneUITests/Pods-Kakaotalk_Clone-Kakaotalk_CloneUITests.release.xcconfig"; sourceTree = "<group>"; };
		AA0958DA6AF2E01D920A5D45 /* Pods-Kakaotalk_CloneTests.release.xcconfig */ = {isa = PBXFileReference; includeInIndex = 1; lastKnownFileType = text.xcconfig; name = "Pods-Kakaotalk_CloneTests.release.xcconfig"; path = "Target Support Files/Pods-Kakaotalk_CloneTests/Pods-Kakaotalk_CloneTests.release.xcconfig"; sourceTree = "<group>"; };
		AEDF07A7FF965FD387ECA3D5 /* Pods_Kakaotalk_Clone_Kakaotalk_CloneUITests.framework */ = {isa = PBXFileReference; explicitFileType = wrapper.framework; includeInIndex = 0; path = Pods_Kakaotalk_Clone_Kakaotalk_CloneUITests.framework; sourceTree = BUILT_PRODUCTS_DIR; };
		C416CB92C9293625FC8A71CF /* Pods-Kakaotalk_Clone.debug.xcconfig */ = {isa = PBXFileReference; includeInIndex = 1; lastKnownFileType = text.xcconfig; name = "Pods-Kakaotalk_Clone.debug.xcconfig"; path = "Target Support Files/Pods-Kakaotalk_Clone/Pods-Kakaotalk_Clone.debug.xcconfig"; sourceTree = "<group>"; };
		F274B89C60BF9D6CB6CB0EB0 /* Pods-Kakaotalk_Clone.release.xcconfig */ = {isa = PBXFileReference; includeInIndex = 1; lastKnownFileType = text.xcconfig; name = "Pods-Kakaotalk_Clone.release.xcconfig"; path = "Target Support Files/Pods-Kakaotalk_Clone/Pods-Kakaotalk_Clone.release.xcconfig"; sourceTree = "<group>"; };
/* End PBXFileReference section */

/* Begin PBXFrameworksBuildPhase section */
		366FBC97261A1D9800D648C9 /* Frameworks */ = {
			isa = PBXFrameworksBuildPhase;
			buildActionMask = 2147483647;
			files = (
				F1F6B6CF9F67BF361A529905 /* Pods_Kakaotalk_Clone.framework in Frameworks */,
			);
			runOnlyForDeploymentPostprocessing = 0;
		};
		366FBCAD261A1D9800D648C9 /* Frameworks */ = {
			isa = PBXFrameworksBuildPhase;
			buildActionMask = 2147483647;
			files = (
				B5B595660D2E8359A5FF2ECA /* Pods_Kakaotalk_CloneTests.framework in Frameworks */,
			);
			runOnlyForDeploymentPostprocessing = 0;
		};
		366FBCB8261A1D9800D648C9 /* Frameworks */ = {
			isa = PBXFrameworksBuildPhase;
			buildActionMask = 2147483647;
			files = (
				DAF9A9C06B8112C7C17909D9 /* Pods_Kakaotalk_Clone_Kakaotalk_CloneUITests.framework in Frameworks */,
			);
			runOnlyForDeploymentPostprocessing = 0;
		};
/* End PBXFrameworksBuildPhase section */

/* Begin PBXGroup section */
		362833192628019900586852 /* FreindsGroup */ = {
			isa = PBXGroup;
			children = (
				36E610852628092A00A934FB /* FreindsMain.storyboard */,
				36E6108D26280C5300A934FB /* FreindsMainViewController.swift */,
				3628331A262801B600586852 /* Freinds.storyboard */,
				36E72AE92628289C007FD2FA /* FreindsViewController.swift */,
				36E72AF12628297F007FD2FA /* FreindsMyProfileViewController.swift */,
				3628331F2628021300586852 /* Chat.storyboard */,
				36E72AD726281E7C007FD2FA /* HashTag.storyboard */,
				36E72ADC26281E84007FD2FA /* Store.storyboard */,
				36E72AE126281E90007FD2FA /* Setting.storyboard */,
				36E106E1263BC4BE006CEFCA /* FriendsTableViewCell.swift */,
				36E106E9263BC77D006CEFCA /* freindsDummy.swift */,
				36E106F1263BD83A006CEFCA /* FreindsProfileViewController.swift */,
				36E5B41C26445BE10079170F /* SettingViewController.swift */,
				36E5B42126445C230079170F /* SettingCollectionViewCell.swift */,
			);
			path = FreindsGroup;
			sourceTree = "<group>";
		};
		366FBC91261A1D9800D648C9 = {
			isa = PBXGroup;
			children = (
				366FBC9C261A1D9800D648C9 /* Kakaotalk_Clone */,
				366FBCB3261A1D9800D648C9 /* Kakaotalk_CloneTests */,
				366FBCBE261A1D9800D648C9 /* Kakaotalk_CloneUITests */,
				366FBC9B261A1D9800D648C9 /* Products */,
				E5BB12D67E923AB444E2663D /* Pods */,
				F455B5FD5C5C2AF3CB5B3E22 /* Frameworks */,
			);
			sourceTree = "<group>";
		};
		366FBC9B261A1D9800D648C9 /* Products */ = {
			isa = PBXGroup;
			children = (
				366FBC9A261A1D9800D648C9 /* Kakaotalk_Clone.app */,
				366FBCB0261A1D9800D648C9 /* Kakaotalk_CloneTests.xctest */,
				366FBCBB261A1D9800D648C9 /* Kakaotalk_CloneUITests.xctest */,
			);
			name = Products;
			sourceTree = "<group>";
		};
		366FBC9C261A1D9800D648C9 /* Kakaotalk_Clone */ = {
			isa = PBXGroup;
			children = (
				362833192628019900586852 /* FreindsGroup */,
				36126F01261DCD38002535C6 /* AccountCorrectViewController.swift */,
				366FBC9D261A1D9800D648C9 /* AppDelegate.swift */,
				366FBC9F261A1D9800D648C9 /* SceneDelegate.swift */,
				366FBCA1261A1D9800D648C9 /* ViewController.swift */,
				36126F16261DCDD6002535C6 /* Main.storyboard */,
				36126F0E261DCD4B002535C6 /* MainViewController.swift */,
				36126F09261DCD42002535C6 /* AcoountViewController.swift */,
				366FBCA6261A1D9800D648C9 /* Assets.xcassets */,
				366FBCA8261A1D9800D648C9 /* LaunchScreen.storyboard */,
				366FBCAB261A1D9800D648C9 /* Info.plist */,
				36E72AC3262819F1007FD2FA /* MainTabBarController.swift */,
				36910BAC264920AB00986E34 /* NetworkResult.swift */,
				36910BB1264920FC00986E34 /* LoginDataModel.swift */,
				36910BB6264924E600986E34 /* LoginService.swift */,
				36910BBB2649254D00986E34 /* APIConstants.swift */,
			);
			path = Kakaotalk_Clone;
			sourceTree = "<group>";
		};
		366FBCB3261A1D9800D648C9 /* Kakaotalk_CloneTests */ = {
			isa = PBXGroup;
			children = (
				366FBCB4261A1D9800D648C9 /* Kakaotalk_CloneTests.swift */,
				366FBCB6261A1D9800D648C9 /* Info.plist */,
			);
			path = Kakaotalk_CloneTests;
			sourceTree = "<group>";
		};
		366FBCBE261A1D9800D648C9 /* Kakaotalk_CloneUITests */ = {
			isa = PBXGroup;
			children = (
				366FBCBF261A1D9800D648C9 /* Kakaotalk_CloneUITests.swift */,
				366FBCC1261A1D9800D648C9 /* Info.plist */,
			);
			path = Kakaotalk_CloneUITests;
			sourceTree = "<group>";
		};
		E5BB12D67E923AB444E2663D /* Pods */ = {
			isa = PBXGroup;
			children = (
				C416CB92C9293625FC8A71CF /* Pods-Kakaotalk_Clone.debug.xcconfig */,
				F274B89C60BF9D6CB6CB0EB0 /* Pods-Kakaotalk_Clone.release.xcconfig */,
				4876CE815065813966134060 /* Pods-Kakaotalk_Clone-Kakaotalk_CloneUITests.debug.xcconfig */,
				98AB0052A4DC15D118EA717D /* Pods-Kakaotalk_Clone-Kakaotalk_CloneUITests.release.xcconfig */,
				5BB0C5A4B3499657FB1F9668 /* Pods-Kakaotalk_CloneTests.debug.xcconfig */,
				AA0958DA6AF2E01D920A5D45 /* Pods-Kakaotalk_CloneTests.release.xcconfig */,
			);
			path = Pods;
			sourceTree = "<group>";
		};
		F455B5FD5C5C2AF3CB5B3E22 /* Frameworks */ = {
			isa = PBXGroup;
			children = (
				358189E438F6C082246239CD /* Pods_Kakaotalk_Clone.framework */,
				AEDF07A7FF965FD387ECA3D5 /* Pods_Kakaotalk_Clone_Kakaotalk_CloneUITests.framework */,
				85168971ABCED3FDDBB85921 /* Pods_Kakaotalk_CloneTests.framework */,
			);
			name = Frameworks;
			sourceTree = "<group>";
		};
/* End PBXGroup section */

/* Begin PBXNativeTarget section */
		366FBC99261A1D9800D648C9 /* Kakaotalk_Clone */ = {
			isa = PBXNativeTarget;
			buildConfigurationList = 366FBCC4261A1D9800D648C9 /* Build configuration list for PBXNativeTarget "Kakaotalk_Clone" */;
			buildPhases = (
				A1BA2DC8EC8D88108E389B11 /* [CP] Check Pods Manifest.lock */,
				366FBC96261A1D9800D648C9 /* Sources */,
				366FBC97261A1D9800D648C9 /* Frameworks */,
				366FBC98261A1D9800D648C9 /* Resources */,
				910BD480D42BE5A4A7540660 /* [CP] Embed Pods Frameworks */,
			);
			buildRules = (
			);
			dependencies = (
			);
			name = Kakaotalk_Clone;
			productName = Kakaotalk_Clone;
			productReference = 366FBC9A261A1D9800D648C9 /* Kakaotalk_Clone.app */;
			productType = "com.apple.product-type.application";
		};
		366FBCAF261A1D9800D648C9 /* Kakaotalk_CloneTests */ = {
			isa = PBXNativeTarget;
			buildConfigurationList = 366FBCC7261A1D9800D648C9 /* Build configuration list for PBXNativeTarget "Kakaotalk_CloneTests" */;
			buildPhases = (
				4D951F9A94A01A4B74CAA4A6 /* [CP] Check Pods Manifest.lock */,
				366FBCAC261A1D9800D648C9 /* Sources */,
				366FBCAD261A1D9800D648C9 /* Frameworks */,
				366FBCAE261A1D9800D648C9 /* Resources */,
			);
			buildRules = (
			);
			dependencies = (
				366FBCB2261A1D9800D648C9 /* PBXTargetDependency */,
			);
			name = Kakaotalk_CloneTests;
			productName = Kakaotalk_CloneTests;
			productReference = 366FBCB0261A1D9800D648C9 /* Kakaotalk_CloneTests.xctest */;
			productType = "com.apple.product-type.bundle.unit-test";
		};
		366FBCBA261A1D9800D648C9 /* Kakaotalk_CloneUITests */ = {
			isa = PBXNativeTarget;
			buildConfigurationList = 366FBCCA261A1D9800D648C9 /* Build configuration list for PBXNativeTarget "Kakaotalk_CloneUITests" */;
			buildPhases = (
				8850DB828B0C60864FC5D5A5 /* [CP] Check Pods Manifest.lock */,
				366FBCB7261A1D9800D648C9 /* Sources */,
				366FBCB8261A1D9800D648C9 /* Frameworks */,
				366FBCB9261A1D9800D648C9 /* Resources */,
				88824D0DA9B704CE4D7E1633 /* [CP] Embed Pods Frameworks */,
			);
			buildRules = (
			);
			dependencies = (
				366FBCBD261A1D9800D648C9 /* PBXTargetDependency */,
			);
			name = Kakaotalk_CloneUITests;
			productName = Kakaotalk_CloneUITests;
			productReference = 366FBCBB261A1D9800D648C9 /* Kakaotalk_CloneUITests.xctest */;
			productType = "com.apple.product-type.bundle.ui-testing";
		};
/* End PBXNativeTarget section */

/* Begin PBXProject section */
		366FBC92261A1D9800D648C9 /* Project object */ = {
			isa = PBXProject;
			attributes = {
				LastSwiftUpdateCheck = 1240;
				LastUpgradeCheck = 1240;
				TargetAttributes = {
					366FBC99261A1D9800D648C9 = {
						CreatedOnToolsVersion = 12.4;
					};
					366FBCAF261A1D9800D648C9 = {
						CreatedOnToolsVersion = 12.4;
						TestTargetID = 366FBC99261A1D9800D648C9;
					};
					366FBCBA261A1D9800D648C9 = {
						CreatedOnToolsVersion = 12.4;
						TestTargetID = 366FBC99261A1D9800D648C9;
					};
				};
			};
			buildConfigurationList = 366FBC95261A1D9800D648C9 /* Build configuration list for PBXProject "Kakaotalk_Clone" */;
			compatibilityVersion = "Xcode 9.3";
			developmentRegion = en;
			hasScannedForEncodings = 0;
			knownRegions = (
				en,
				Base,
			);
			mainGroup = 366FBC91261A1D9800D648C9;
			productRefGroup = 366FBC9B261A1D9800D648C9 /* Products */;
			projectDirPath = "";
			projectRoot = "";
			targets = (
				366FBC99261A1D9800D648C9 /* Kakaotalk_Clone */,
				366FBCAF261A1D9800D648C9 /* Kakaotalk_CloneTests */,
				366FBCBA261A1D9800D648C9 /* Kakaotalk_CloneUITests */,
			);
		};
/* End PBXProject section */

/* Begin PBXResourcesBuildPhase section */
		366FBC98261A1D9800D648C9 /* Resources */ = {
			isa = PBXResourcesBuildPhase;
			buildActionMask = 2147483647;
			files = (
				3628331B262801B600586852 /* Freinds.storyboard in Resources */,
				366FBCAA261A1D9800D648C9 /* LaunchScreen.storyboard in Resources */,
				366FBCA7261A1D9800D648C9 /* Assets.xcassets in Resources */,
				36E610862628092A00A934FB /* FreindsMain.storyboard in Resources */,
				36E72ADD26281E84007FD2FA /* Store.storyboard in Resources */,
				36E72AE226281E90007FD2FA /* Setting.storyboard in Resources */,
				36E72AD826281E7C007FD2FA /* HashTag.storyboard in Resources */,
				362833202628021300586852 /* Chat.storyboard in Resources */,
				36126F17261DCDD6002535C6 /* Main.storyboard in Resources */,
			);
			runOnlyForDeploymentPostprocessing = 0;
		};
		366FBCAE261A1D9800D648C9 /* Resources */ = {
			isa = PBXResourcesBuildPhase;
			buildActionMask = 2147483647;
			files = (
			);
			runOnlyForDeploymentPostprocessing = 0;
		};
		366FBCB9261A1D9800D648C9 /* Resources */ = {
			isa = PBXResourcesBuildPhase;
			buildActionMask = 2147483647;
			files = (
			);
			runOnlyForDeploymentPostprocessing = 0;
		};
/* End PBXResourcesBuildPhase section */

/* Begin PBXShellScriptBuildPhase section */
		4D951F9A94A01A4B74CAA4A6 /* [CP] Check Pods Manifest.lock */ = {
			isa = PBXShellScriptBuildPhase;
			buildActionMask = 2147483647;
			files = (
			);
			inputFileListPaths = (
			);
			inputPaths = (
				"${PODS_PODFILE_DIR_PATH}/Podfile.lock",
				"${PODS_ROOT}/Manifest.lock",
			);
			name = "[CP] Check Pods Manifest.lock";
			outputFileListPaths = (
			);
			outputPaths = (
				"$(DERIVED_FILE_DIR)/Pods-Kakaotalk_CloneTests-checkManifestLockResult.txt",
			);
			runOnlyForDeploymentPostprocessing = 0;
			shellPath = /bin/sh;
			shellScript = "diff \"${PODS_PODFILE_DIR_PATH}/Podfile.lock\" \"${PODS_ROOT}/Manifest.lock\" > /dev/null\nif [ $? != 0 ] ; then\n    # print error to STDERR\n    echo \"error: The sandbox is not in sync with the Podfile.lock. Run 'pod install' or update your CocoaPods installation.\" >&2\n    exit 1\nfi\n# This output is used by Xcode 'outputs' to avoid re-running this script phase.\necho \"SUCCESS\" > \"${SCRIPT_OUTPUT_FILE_0}\"\n";
			showEnvVarsInLog = 0;
		};
		8850DB828B0C60864FC5D5A5 /* [CP] Check Pods Manifest.lock */ = {
			isa = PBXShellScriptBuildPhase;
			buildActionMask = 2147483647;
			files = (
			);
			inputFileListPaths = (
			);
			inputPaths = (
				"${PODS_PODFILE_DIR_PATH}/Podfile.lock",
				"${PODS_ROOT}/Manifest.lock",
			);
			name = "[CP] Check Pods Manifest.lock";
			outputFileListPaths = (
			);
			outputPaths = (
				"$(DERIVED_FILE_DIR)/Pods-Kakaotalk_Clone-Kakaotalk_CloneUITests-checkManifestLockResult.txt",
			);
			runOnlyForDeploymentPostprocessing = 0;
			shellPath = /bin/sh;
			shellScript = "diff \"${PODS_PODFILE_DIR_PATH}/Podfile.lock\" \"${PODS_ROOT}/Manifest.lock\" > /dev/null\nif [ $? != 0 ] ; then\n    # print error to STDERR\n    echo \"error: The sandbox is not in sync with the Podfile.lock. Run 'pod install' or update your CocoaPods installation.\" >&2\n    exit 1\nfi\n# This output is used by Xcode 'outputs' to avoid re-running this script phase.\necho \"SUCCESS\" > \"${SCRIPT_OUTPUT_FILE_0}\"\n";
			showEnvVarsInLog = 0;
		};
		88824D0DA9B704CE4D7E1633 /* [CP] Embed Pods Frameworks */ = {
			isa = PBXShellScriptBuildPhase;
			buildActionMask = 2147483647;
			files = (
			);
			inputFileListPaths = (
				"${PODS_ROOT}/Target Support Files/Pods-Kakaotalk_Clone-Kakaotalk_CloneUITests/Pods-Kakaotalk_Clone-Kakaotalk_CloneUITests-frameworks-${CONFIGURATION}-input-files.xcfilelist",
			);
			name = "[CP] Embed Pods Frameworks";
			outputFileListPaths = (
				"${PODS_ROOT}/Target Support Files/Pods-Kakaotalk_Clone-Kakaotalk_CloneUITests/Pods-Kakaotalk_Clone-Kakaotalk_CloneUITests-frameworks-${CONFIGURATION}-output-files.xcfilelist",
			);
			runOnlyForDeploymentPostprocessing = 0;
			shellPath = /bin/sh;
			shellScript = "\"${PODS_ROOT}/Target Support Files/Pods-Kakaotalk_Clone-Kakaotalk_CloneUITests/Pods-Kakaotalk_Clone-Kakaotalk_CloneUITests-frameworks.sh\"\n";
			showEnvVarsInLog = 0;
		};
		910BD480D42BE5A4A7540660 /* [CP] Embed Pods Frameworks */ = {
			isa = PBXShellScriptBuildPhase;
			buildActionMask = 2147483647;
			files = (
			);
			inputFileListPaths = (
				"${PODS_ROOT}/Target Support Files/Pods-Kakaotalk_Clone/Pods-Kakaotalk_Clone-frameworks-${CONFIGURATION}-input-files.xcfilelist",
			);
			name = "[CP] Embed Pods Frameworks";
			outputFileListPaths = (
				"${PODS_ROOT}/Target Support Files/Pods-Kakaotalk_Clone/Pods-Kakaotalk_Clone-frameworks-${CONFIGURATION}-output-files.xcfilelist",
			);
			runOnlyForDeploymentPostprocessing = 0;
			shellPath = /bin/sh;
			shellScript = "\"${PODS_ROOT}/Target Support Files/Pods-Kakaotalk_Clone/Pods-Kakaotalk_Clone-frameworks.sh\"\n";
			showEnvVarsInLog = 0;
		};
		A1BA2DC8EC8D88108E389B11 /* [CP] Check Pods Manifest.lock */ = {
			isa = PBXShellScriptBuildPhase;
			buildActionMask = 2147483647;
			files = (
			);
			inputFileListPaths = (
			);
			inputPaths = (
				"${PODS_PODFILE_DIR_PATH}/Podfile.lock",
				"${PODS_ROOT}/Manifest.lock",
			);
			name = "[CP] Check Pods Manifest.lock";
			outputFileListPaths = (
			);
			outputPaths = (
				"$(DERIVED_FILE_DIR)/Pods-Kakaotalk_Clone-checkManifestLockResult.txt",
			);
			runOnlyForDeploymentPostprocessing = 0;
			shellPath = /bin/sh;
			shellScript = "diff \"${PODS_PODFILE_DIR_PATH}/Podfile.lock\" \"${PODS_ROOT}/Manifest.lock\" > /dev/null\nif [ $? != 0 ] ; then\n    # print error to STDERR\n    echo \"error: The sandbox is not in sync with the Podfile.lock. Run 'pod install' or update your CocoaPods installation.\" >&2\n    exit 1\nfi\n# This output is used by Xcode 'outputs' to avoid re-running this script phase.\necho \"SUCCESS\" > \"${SCRIPT_OUTPUT_FILE_0}\"\n";
			showEnvVarsInLog = 0;
		};
/* End PBXShellScriptBuildPhase section */

/* Begin PBXSourcesBuildPhase section */
		366FBC96261A1D9800D648C9 /* Sources */ = {
			isa = PBXSourcesBuildPhase;
			buildActionMask = 2147483647;
			files = (
				36E106EA263BC77D006CEFCA /* freindsDummy.swift in Sources */,
				36E72AF22628297F007FD2FA /* FreindsMyProfileViewController.swift in Sources */,
				36126F0F261DCD4B002535C6 /* MainViewController.swift in Sources */,
				36E106F2263BD83A006CEFCA /* FreindsProfileViewController.swift in Sources */,
				366FBCA2261A1D9800D648C9 /* ViewController.swift in Sources */,
				36910BBC2649254D00986E34 /* APIConstants.swift in Sources */,
				36E5B41D26445BE10079170F /* SettingViewController.swift in Sources */,
				36E106E2263BC4BE006CEFCA /* FriendsTableViewCell.swift in Sources */,
				36910BAD264920AB00986E34 /* NetworkResult.swift in Sources */,
				36E72AEA2628289C007FD2FA /* FreindsViewController.swift in Sources */,
				36E72AC4262819F1007FD2FA /* MainTabBarController.swift in Sources */,
				36126F0A261DCD42002535C6 /* AcoountViewController.swift in Sources */,
				36E5B42226445C230079170F /* SettingCollectionViewCell.swift in Sources */,
				36910BB2264920FC00986E34 /* LoginDataModel.swift in Sources */,
				36910BB7264924E600986E34 /* LoginService.swift in Sources */,
				36126F02261DCD38002535C6 /* AccountCorrectViewController.swift in Sources */,
				366FBC9E261A1D9800D648C9 /* AppDelegate.swift in Sources */,
				366FBCA0261A1D9800D648C9 /* SceneDelegate.swift in Sources */,
				36E6108E26280C5300A934FB /* FreindsMainViewController.swift in Sources */,
			);
			runOnlyForDeploymentPostprocessing = 0;
		};
		366FBCAC261A1D9800D648C9 /* Sources */ = {
			isa = PBXSourcesBuildPhase;
			buildActionMask = 2147483647;
			files = (
				366FBCB5261A1D9800D648C9 /* Kakaotalk_CloneTests.swift in Sources */,
			);
			runOnlyForDeploymentPostprocessing = 0;
		};
		366FBCB7261A1D9800D648C9 /* Sources */ = {
			isa = PBXSourcesBuildPhase;
			buildActionMask = 2147483647;
			files = (
				366FBCC0261A1D9800D648C9 /* Kakaotalk_CloneUITests.swift in Sources */,
			);
			runOnlyForDeploymentPostprocessing = 0;
		};
/* End PBXSourcesBuildPhase section */

/* Begin PBXTargetDependency section */
		366FBCB2261A1D9800D648C9 /* PBXTargetDependency */ = {
			isa = PBXTargetDependency;
			target = 366FBC99261A1D9800D648C9 /* Kakaotalk_Clone */;
			targetProxy = 366FBCB1261A1D9800D648C9 /* PBXContainerItemProxy */;
		};
		366FBCBD261A1D9800D648C9 /* PBXTargetDependency */ = {
			isa = PBXTargetDependency;
			target = 366FBC99261A1D9800D648C9 /* Kakaotalk_Clone */;
			targetProxy = 366FBCBC261A1D9800D648C9 /* PBXContainerItemProxy */;
		};
/* End PBXTargetDependency section */

/* Begin PBXVariantGroup section */
		366FBCA8261A1D9800D648C9 /* LaunchScreen.storyboard */ = {
			isa = PBXVariantGroup;
			children = (
				366FBCA9261A1D9800D648C9 /* Base */,
			);
			name = LaunchScreen.storyboard;
			sourceTree = "<group>";
		};
/* End PBXVariantGroup section */

/* Begin XCBuildConfiguration section */
		366FBCC2261A1D9800D648C9 /* Debug */ = {
			isa = XCBuildConfiguration;
			buildSettings = {
				ALWAYS_SEARCH_USER_PATHS = NO;
				CLANG_ANALYZER_NONNULL = YES;
				CLANG_ANALYZER_NUMBER_OBJECT_CONVERSION = YES_AGGRESSIVE;
				CLANG_CXX_LANGUAGE_STANDARD = "gnu++14";
				CLANG_CXX_LIBRARY = "libc++";
				CLANG_ENABLE_MODULES = YES;
				CLANG_ENABLE_OBJC_ARC = YES;
				CLANG_ENABLE_OBJC_WEAK = YES;
				CLANG_WARN_BLOCK_CAPTURE_AUTORELEASING = YES;
				CLANG_WARN_BOOL_CONVERSION = YES;
				CLANG_WARN_COMMA = YES;
				CLANG_WARN_CONSTANT_CONVERSION = YES;
				CLANG_WARN_DEPRECATED_OBJC_IMPLEMENTATIONS = YES;
				CLANG_WARN_DIRECT_OBJC_ISA_USAGE = YES_ERROR;
				CLANG_WARN_DOCUMENTATION_COMMENTS = YES;
				CLANG_WARN_EMPTY_BODY = YES;
				CLANG_WARN_ENUM_CONVERSION = YES;
				CLANG_WARN_INFINITE_RECURSION = YES;
				CLANG_WARN_INT_CONVERSION = YES;
				CLANG_WARN_NON_LITERAL_NULL_CONVERSION = YES;
				CLANG_WARN_OBJC_IMPLICIT_RETAIN_SELF = YES;
				CLANG_WARN_OBJC_LITERAL_CONVERSION = YES;
				CLANG_WARN_OBJC_ROOT_CLASS = YES_ERROR;
				CLANG_WARN_QUOTED_INCLUDE_IN_FRAMEWORK_HEADER = YES;
				CLANG_WARN_RANGE_LOOP_ANALYSIS = YES;
				CLANG_WARN_STRICT_PROTOTYPES = YES;
				CLANG_WARN_SUSPICIOUS_MOVE = YES;
				CLANG_WARN_UNGUARDED_AVAILABILITY = YES_AGGRESSIVE;
				CLANG_WARN_UNREACHABLE_CODE = YES;
				CLANG_WARN__DUPLICATE_METHOD_MATCH = YES;
				COPY_PHASE_STRIP = NO;
				DEBUG_INFORMATION_FORMAT = dwarf;
				ENABLE_STRICT_OBJC_MSGSEND = YES;
				ENABLE_TESTABILITY = YES;
				GCC_C_LANGUAGE_STANDARD = gnu11;
				GCC_DYNAMIC_NO_PIC = NO;
				GCC_NO_COMMON_BLOCKS = YES;
				GCC_OPTIMIZATION_LEVEL = 0;
				GCC_PREPROCESSOR_DEFINITIONS = (
					"DEBUG=1",
					"$(inherited)",
				);
				GCC_WARN_64_TO_32_BIT_CONVERSION = YES;
				GCC_WARN_ABOUT_RETURN_TYPE = YES_ERROR;
				GCC_WARN_UNDECLARED_SELECTOR = YES;
				GCC_WARN_UNINITIALIZED_AUTOS = YES_AGGRESSIVE;
				GCC_WARN_UNUSED_FUNCTION = YES;
				GCC_WARN_UNUSED_VARIABLE = YES;
				IPHONEOS_DEPLOYMENT_TARGET = 14.4;
				MTL_ENABLE_DEBUG_INFO = INCLUDE_SOURCE;
				MTL_FAST_MATH = YES;
				ONLY_ACTIVE_ARCH = YES;
				SDKROOT = iphoneos;
				SWIFT_ACTIVE_COMPILATION_CONDITIONS = DEBUG;
				SWIFT_OPTIMIZATION_LEVEL = "-Onone";
			};
			name = Debug;
		};
		366FBCC3261A1D9800D648C9 /* Release */ = {
			isa = XCBuildConfiguration;
			buildSettings = {
				ALWAYS_SEARCH_USER_PATHS = NO;
				CLANG_ANALYZER_NONNULL = YES;
				CLANG_ANALYZER_NUMBER_OBJECT_CONVERSION = YES_AGGRESSIVE;
				CLANG_CXX_LANGUAGE_STANDARD = "gnu++14";
				CLANG_CXX_LIBRARY = "libc++";
				CLANG_ENABLE_MODULES = YES;
				CLANG_ENABLE_OBJC_ARC = YES;
				CLANG_ENABLE_OBJC_WEAK = YES;
				CLANG_WARN_BLOCK_CAPTURE_AUTORELEASING = YES;
				CLANG_WARN_BOOL_CONVERSION = YES;
				CLANG_WARN_COMMA = YES;
				CLANG_WARN_CONSTANT_CONVERSION = YES;
				CLANG_WARN_DEPRECATED_OBJC_IMPLEMENTATIONS = YES;
				CLANG_WARN_DIRECT_OBJC_ISA_USAGE = YES_ERROR;
				CLANG_WARN_DOCUMENTATION_COMMENTS = YES;
				CLANG_WARN_EMPTY_BODY = YES;
				CLANG_WARN_ENUM_CONVERSION = YES;
				CLANG_WARN_INFINITE_RECURSION = YES;
				CLANG_WARN_INT_CONVERSION = YES;
				CLANG_WARN_NON_LITERAL_NULL_CONVERSION = YES;
				CLANG_WARN_OBJC_IMPLICIT_RETAIN_SELF = YES;
				CLANG_WARN_OBJC_LITERAL_CONVERSION = YES;
				CLANG_WARN_OBJC_ROOT_CLASS = YES_ERROR;
				CLANG_WARN_QUOTED_INCLUDE_IN_FRAMEWORK_HEADER = YES;
				CLANG_WARN_RANGE_LOOP_ANALYSIS = YES;
				CLANG_WARN_STRICT_PROTOTYPES = YES;
				CLANG_WARN_SUSPICIOUS_MOVE = YES;
				CLANG_WARN_UNGUARDED_AVAILABILITY = YES_AGGRESSIVE;
				CLANG_WARN_UNREACHABLE_CODE = YES;
				CLANG_WARN__DUPLICATE_METHOD_MATCH = YES;
				COPY_PHASE_STRIP = NO;
				DEBUG_INFORMATION_FORMAT = "dwarf-with-dsym";
				ENABLE_NS_ASSERTIONS = NO;
				ENABLE_STRICT_OBJC_MSGSEND = YES;
				GCC_C_LANGUAGE_STANDARD = gnu11;
				GCC_NO_COMMON_BLOCKS = YES;
				GCC_WARN_64_TO_32_BIT_CONVERSION = YES;
				GCC_WARN_ABOUT_RETURN_TYPE = YES_ERROR;
				GCC_WARN_UNDECLARED_SELECTOR = YES;
				GCC_WARN_UNINITIALIZED_AUTOS = YES_AGGRESSIVE;
				GCC_WARN_UNUSED_FUNCTION = YES;
				GCC_WARN_UNUSED_VARIABLE = YES;
				IPHONEOS_DEPLOYMENT_TARGET = 14.4;
				MTL_ENABLE_DEBUG_INFO = NO;
				MTL_FAST_MATH = YES;
				SDKROOT = iphoneos;
				SWIFT_COMPILATION_MODE = wholemodule;
				SWIFT_OPTIMIZATION_LEVEL = "-O";
				VALIDATE_PRODUCT = YES;
			};
			name = Release;
		};
		366FBCC5261A1D9800D648C9 /* Debug */ = {
			isa = XCBuildConfiguration;
			baseConfigurationReference = C416CB92C9293625FC8A71CF /* Pods-Kakaotalk_Clone.debug.xcconfig */;
			buildSettings = {
				ASSETCATALOG_COMPILER_APPICON_NAME = AppIcon;
				ASSETCATALOG_COMPILER_GLOBAL_ACCENT_COLOR_NAME = AccentColor;
				CODE_SIGN_STYLE = Automatic;
				INFOPLIST_FILE = Kakaotalk_Clone/Info.plist;
				LD_RUNPATH_SEARCH_PATHS = (
					"$(inherited)",
					"@executable_path/Frameworks",
				);
				PRODUCT_BUNDLE_IDENTIFIER = "Sopt.Kakaotalk-Clone";
				PRODUCT_NAME = "$(TARGET_NAME)";
				SWIFT_VERSION = 5.0;
				TARGETED_DEVICE_FAMILY = "1,2";
			};
			name = Debug;
		};
		366FBCC6261A1D9800D648C9 /* Release */ = {
			isa = XCBuildConfiguration;
			baseConfigurationReference = F274B89C60BF9D6CB6CB0EB0 /* Pods-Kakaotalk_Clone.release.xcconfig */;
			buildSettings = {
				ASSETCATALOG_COMPILER_APPICON_NAME = AppIcon;
				ASSETCATALOG_COMPILER_GLOBAL_ACCENT_COLOR_NAME = AccentColor;
				CODE_SIGN_STYLE = Automatic;
				INFOPLIST_FILE = Kakaotalk_Clone/Info.plist;
				LD_RUNPATH_SEARCH_PATHS = (
					"$(inherited)",
					"@executable_path/Frameworks",
				);
				PRODUCT_BUNDLE_IDENTIFIER = "Sopt.Kakaotalk-Clone";
				PRODUCT_NAME = "$(TARGET_NAME)";
				SWIFT_VERSION = 5.0;
				TARGETED_DEVICE_FAMILY = "1,2";
			};
			name = Release;
		};
		366FBCC8261A1D9800D648C9 /* Debug */ = {
			isa = XCBuildConfiguration;
			baseConfigurationReference = 5BB0C5A4B3499657FB1F9668 /* Pods-Kakaotalk_CloneTests.debug.xcconfig */;
			buildSettings = {
				ALWAYS_EMBED_SWIFT_STANDARD_LIBRARIES = YES;
				BUNDLE_LOADER = "$(TEST_HOST)";
				CODE_SIGN_STYLE = Automatic;
				INFOPLIST_FILE = Kakaotalk_CloneTests/Info.plist;
				IPHONEOS_DEPLOYMENT_TARGET = 14.4;
				LD_RUNPATH_SEARCH_PATHS = (
					"$(inherited)",
					"@executable_path/Frameworks",
					"@loader_path/Frameworks",
				);
				PRODUCT_BUNDLE_IDENTIFIER = "Sopt.Kakaotalk-CloneTests";
				PRODUCT_NAME = "$(TARGET_NAME)";
				SWIFT_VERSION = 5.0;
				TARGETED_DEVICE_FAMILY = "1,2";
				TEST_HOST = "$(BUILT_PRODUCTS_DIR)/Kakaotalk_Clone.app/Kakaotalk_Clone";
			};
			name = Debug;
		};
		366FBCC9261A1D9800D648C9 /* Release */ = {
			isa = XCBuildConfiguration;
			baseConfigurationReference = AA0958DA6AF2E01D920A5D45 /* Pods-Kakaotalk_CloneTests.release.xcconfig */;
			buildSettings = {
				ALWAYS_EMBED_SWIFT_STANDARD_LIBRARIES = YES;
				BUNDLE_LOADER = "$(TEST_HOST)";
				CODE_SIGN_STYLE = Automatic;
				INFOPLIST_FILE = Kakaotalk_CloneTests/Info.plist;
				IPHONEOS_DEPLOYMENT_TARGET = 14.4;
				LD_RUNPATH_SEARCH_PATHS = (
					"$(inherited)",
					"@executable_path/Frameworks",
					"@loader_path/Frameworks",
				);
				PRODUCT_BUNDLE_IDENTIFIER = "Sopt.Kakaotalk-CloneTests";
				PRODUCT_NAME = "$(TARGET_NAME)";
				SWIFT_VERSION = 5.0;
				TARGETED_DEVICE_FAMILY = "1,2";
				TEST_HOST = "$(BUILT_PRODUCTS_DIR)/Kakaotalk_Clone.app/Kakaotalk_Clone";
			};
			name = Release;
		};
		366FBCCB261A1D9800D648C9 /* Debug */ = {
			isa = XCBuildConfiguration;
			baseConfigurationReference = 4876CE815065813966134060 /* Pods-Kakaotalk_Clone-Kakaotalk_CloneUITests.debug.xcconfig */;
			buildSettings = {
				ALWAYS_EMBED_SWIFT_STANDARD_LIBRARIES = YES;
				CODE_SIGN_STYLE = Automatic;
				INFOPLIST_FILE = Kakaotalk_CloneUITests/Info.plist;
				LD_RUNPATH_SEARCH_PATHS = (
					"$(inherited)",
					"@executable_path/Frameworks",
					"@loader_path/Frameworks",
				);
				PRODUCT_BUNDLE_IDENTIFIER = "Sopt.Kakaotalk-CloneUITests";
				PRODUCT_NAME = "$(TARGET_NAME)";
				SWIFT_VERSION = 5.0;
				TARGETED_DEVICE_FAMILY = "1,2";
				TEST_TARGET_NAME = Kakaotalk_Clone;
			};
			name = Debug;
		};
		366FBCCC261A1D9800D648C9 /* Release */ = {
			isa = XCBuildConfiguration;
			baseConfigurationReference = 98AB0052A4DC15D118EA717D /* Pods-Kakaotalk_Clone-Kakaotalk_CloneUITests.release.xcconfig */;
			buildSettings = {
				ALWAYS_EMBED_SWIFT_STANDARD_LIBRARIES = YES;
				CODE_SIGN_STYLE = Automatic;
				INFOPLIST_FILE = Kakaotalk_CloneUITests/Info.plist;
				LD_RUNPATH_SEARCH_PATHS = (
					"$(inherited)",
					"@executable_path/Frameworks",
					"@loader_path/Frameworks",
				);
				PRODUCT_BUNDLE_IDENTIFIER = "Sopt.Kakaotalk-CloneUITests";
				PRODUCT_NAME = "$(TARGET_NAME)";
				SWIFT_VERSION = 5.0;
				TARGETED_DEVICE_FAMILY = "1,2";
				TEST_TARGET_NAME = Kakaotalk_Clone;
			};
			name = Release;
		};
/* End XCBuildConfiguration section */

/* Begin XCConfigurationList section */
		366FBC95261A1D9800D648C9 /* Build configuration list for PBXProject "Kakaotalk_Clone" */ = {
			isa = XCConfigurationList;
			buildConfigurations = (
				366FBCC2261A1D9800D648C9 /* Debug */,
				366FBCC3261A1D9800D648C9 /* Release */,
			);
			defaultConfigurationIsVisible = 0;
			defaultConfigurationName = Release;
		};
		366FBCC4261A1D9800D648C9 /* Build configuration list for PBXNativeTarget "Kakaotalk_Clone" */ = {
			isa = XCConfigurationList;
			buildConfigurations = (
				366FBCC5261A1D9800D648C9 /* Debug */,
				366FBCC6261A1D9800D648C9 /* Release */,
			);
			defaultConfigurationIsVisible = 0;
			defaultConfigurationName = Release;
		};
		366FBCC7261A1D9800D648C9 /* Build configuration list for PBXNativeTarget "Kakaotalk_CloneTests" */ = {
			isa = XCConfigurationList;
			buildConfigurations = (
				366FBCC8261A1D9800D648C9 /* Debug */,
				366FBCC9261A1D9800D648C9 /* Release */,
			);
			defaultConfigurationIsVisible = 0;
			defaultConfigurationName = Release;
		};
		366FBCCA261A1D9800D648C9 /* Build configuration list for PBXNativeTarget "Kakaotalk_CloneUITests" */ = {
			isa = XCConfigurationList;
			buildConfigurations = (
				366FBCCB261A1D9800D648C9 /* Debug */,
				366FBCCC261A1D9800D648C9 /* Release */,
			);
			defaultConfigurationIsVisible = 0;
			defaultConfigurationName = Release;
		};
/* End XCConfigurationList section */
	};
	rootObject = 366FBC92261A1D9800D648C9 /* Project object */;
}
